
Microsoft Visual Studio Solution File, Format Version 12.00
# Visual Studio Version 16
VisualStudioVersion = 16.0.29503.13
MinimumVisualStudioVersion = 10.0.40219.1
Project("{FAE04EC0-301F-11D3-BF4B-00C04F79EFBC}") = "HomeTask.LibraryProject", "HomeTask.LibraryProject\HomeTask.LibraryProject.csproj", "{0E3768AC-5836-427C-A7FB-D85179F8A0B8}"
EndProject
Global
	GlobalSection(SolutionConfigurationPlatforms) = preSolution
		Debug|Any CPU = Debug|Any CPU
		Release|Any CPU = Release|Any CPU
	EndGlobalSection
	GlobalSection(ProjectConfigurationPlatforms) = postSolution
		{0E3768AC-5836-427C-A7FB-D85179F8A0B8}.Debug|Any CPU.ActiveCfg = Debug|Any CPU
		{0E3768AC-5836-427C-A7FB-D85179F8A0B8}.Debug|Any CPU.Build.0 = Debug|Any CPU
		{0E3768AC-5836-427C-A7FB-D85179F8A0B8}.Release|Any CPU.ActiveCfg = Release|Any CPU
		{0E3768AC-5836-427C-A7FB-D85179F8A0B8}.Release|Any CPU.Build.0 = Release|Any CPU
	EndGlobalSection
	GlobalSection(SolutionProperties) = preSolution
		HideSolutionNode = FALSE
	EndGlobalSection
	GlobalSection(ExtensibilityGlobals) = postSolution
		SolutionGuid = {01627701-990A-4EBB-8A97-BE64CE4B5BC4}
	EndGlobalSection
EndGlobal
